
Microsoft Visual Studio Solution File, Format Version 12.00
# Visual Studio Version 16
VisualStudioVersion = 16.0.31424.327
MinimumVisualStudioVersion = 10.0.40219.1
Project("{9A19103F-16F7-4668-BE54-9A1E7A4F7556}") = "MsTest225AssemblyInitializeBug", "MsTest225AssemblyInitializeBug\MsTest225AssemblyInitializeBug.csproj", "{76C44710-60DC-4B51-906A-71C5D159888D}"
EndProject
Project("{9A19103F-16F7-4668-BE54-9A1E7A4F7556}") = "MsTest223AssemblyInitializeBug", "MsTest223AssemblyInitializeBug\MsTest223AssemblyInitializeBug.csproj", "{06064F22-6FE0-4BB1-A168-A93FD2601A3C}"
EndProject
Global
	GlobalSection(SolutionConfigurationPlatforms) = preSolution
		Debug|Any CPU = Debug|Any CPU
		Release|Any CPU = Release|Any CPU
	EndGlobalSection
	GlobalSection(ProjectConfigurationPlatforms) = postSolution
		{76C44710-60DC-4B51-906A-71C5D159888D}.Debug|Any CPU.ActiveCfg = Debug|Any CPU
		{76C44710-60DC-4B51-906A-71C5D159888D}.Debug|Any CPU.Build.0 = Debug|Any CPU
		{76C44710-60DC-4B51-906A-71C5D159888D}.Release|Any CPU.ActiveCfg = Release|Any CPU
		{76C44710-60DC-4B51-906A-71C5D159888D}.Release|Any CPU.Build.0 = Release|Any CPU
		{06064F22-6FE0-4BB1-A168-A93FD2601A3C}.Debug|Any CPU.ActiveCfg = Debug|Any CPU
		{06064F22-6FE0-4BB1-A168-A93FD2601A3C}.Debug|Any CPU.Build.0 = Debug|Any CPU
		{06064F22-6FE0-4BB1-A168-A93FD2601A3C}.Release|Any CPU.ActiveCfg = Release|Any CPU
		{06064F22-6FE0-4BB1-A168-A93FD2601A3C}.Release|Any CPU.Build.0 = Release|Any CPU
	EndGlobalSection
	GlobalSection(SolutionProperties) = preSolution
		HideSolutionNode = FALSE
	EndGlobalSection
	GlobalSection(ExtensibilityGlobals) = postSolution
		SolutionGuid = {B3AA136F-DA56-47B7-895A-7EEE7943817C}
	EndGlobalSection
EndGlobal
